
Microsoft Visual Studio Solution File, Format Version 12.00
# Visual Studio Version 17
VisualStudioVersion = 17.5.33627.172
MinimumVisualStudioVersion = 10.0.40219.1
Project("{FAE04EC0-301F-11D3-BF4B-00C04F79EFBC}") = "PenaltyCalculationApp", "PenaltyCalculationApp\PenaltyCalculationApp.csproj", "{B56D3974-7E33-414F-9687-FC5F0C66A682}"
EndProject
Project("{FAE04EC0-301F-11D3-BF4B-00C04F79EFBC}") = "ServiceLayer", "ServiceLayer\ServiceLayer.csproj", "{3CCF0BEA-CFFC-4407-870D-66E5EF75CD17}"
EndProject
Global
	GlobalSection(SolutionConfigurationPlatforms) = preSolution
		Debug|Any CPU = Debug|Any CPU
		Release|Any CPU = Release|Any CPU
	EndGlobalSection
	GlobalSection(ProjectConfigurationPlatforms) = postSolution
		{B56D3974-7E33-414F-9687-FC5F0C66A682}.Debug|Any CPU.ActiveCfg = Debug|Any CPU
		{B56D3974-7E33-414F-9687-FC5F0C66A682}.Debug|Any CPU.Build.0 = Debug|Any CPU
		{B56D3974-7E33-414F-9687-FC5F0C66A682}.Release|Any CPU.ActiveCfg = Release|Any CPU
		{B56D3974-7E33-414F-9687-FC5F0C66A682}.Release|Any CPU.Build.0 = Release|Any CPU
		{3CCF0BEA-CFFC-4407-870D-66E5EF75CD17}.Debug|Any CPU.ActiveCfg = Debug|Any CPU
		{3CCF0BEA-CFFC-4407-870D-66E5EF75CD17}.Debug|Any CPU.Build.0 = Debug|Any CPU
		{3CCF0BEA-CFFC-4407-870D-66E5EF75CD17}.Release|Any CPU.ActiveCfg = Release|Any CPU
		{3CCF0BEA-CFFC-4407-870D-66E5EF75CD17}.Release|Any CPU.Build.0 = Release|Any CPU
	EndGlobalSection
	GlobalSection(SolutionProperties) = preSolution
		HideSolutionNode = FALSE
	EndGlobalSection
	GlobalSection(ExtensibilityGlobals) = postSolution
		SolutionGuid = {83FC3468-97D2-4508-ACE7-75ABCD048C8F}
	EndGlobalSection
EndGlobal
